uuid: b48f0f3a-3fa7-46e9-9cd3-49c629167db0
langcode: en
status: true
dependencies:
  module:
    - liiweb_legislation
    - system
  theme:
    - liibarrio2020
id: viewtabsblock
theme: liibarrio2020
region: content
weight: 0
provider: null
plugin: view_tabs_block
settings:
  id: view_tabs_block
  label: 'View tabs block'
  provider: liiweb_legislation
  label_display: '0'
visibility:
  request_path:
    id: request_path
    pages: /legislation
    negate: false
    context_mapping: {  }
