uuid: c832248c-2d23-42db-8946-c367b39fabe0
langcode: en
status: false
dependencies:
  module:
    - liiweb_judgment
    - system
  theme:
    - liibarrio2020
id: judgmentviewtabsblock
theme: liibarrio2020
region: content_bottom
weight: -19
provider: null
plugin: view_judgment_tabs_block
settings:
  id: view_judgment_tabs_block
  label: 'Judgment browser'
  provider: liiweb_judgment
  label_display: '0'
visibility:
  request_path:
    id: request_path
    pages: /judgments
    negate: false
    context_mapping: {  }
